// !$*UTF8*$!
{
	archiveVersion = 1;
	classes = {
	};
	objectVersion = 46;
	objects = {

/* Begin PBXBuildFile section */
		1A1292211C5120DE0029A80B /* AppDelegate.swift in Sources */ = {isa = PBXBuildFile; fileRef = 1A1292201C5120DE0029A80B /* AppDelegate.swift */; };
		1A1292231C5120DE0029A80B /* ViewController.swift in Sources */ = {isa = PBXBuildFile; fileRef = 1A1292221C5120DE0029A80B /* ViewController.swift */; };
		1A1292261C5120DE0029A80B /* Main.storyboard in Resources */ = {isa = PBXBuildFile; fileRef = 1A1292241C5120DE0029A80B /* Main.storyboard */; };
		1A1292281C5120DE0029A80B /* Assets.xcassets in Resources */ = {isa = PBXBuildFile; fileRef = 1A1292271C5120DE0029A80B /* Assets.xcassets */; };
		1A12922B1C5120DE0029A80B /* LaunchScreen.storyboard in Resources */ = {isa = PBXBuildFile; fileRef = 1A1292291C5120DE0029A80B /* LaunchScreen.storyboard */; };
		1A1292331C51212E0029A80B /* TableViewController.swift in Sources */ = {isa = PBXBuildFile; fileRef = 1A1292321C51212E0029A80B /* TableViewController.swift */; };
		1A1292351C51214B0029A80B /* PhotosTableViewCell.swift in Sources */ = {isa = PBXBuildFile; fileRef = 1A1292341C51214B0029A80B /* PhotosTableViewCell.swift */; };
		1A1292371C5121600029A80B /* RefactoredTableViewController.swift in Sources */ = {isa = PBXBuildFile; fileRef = 1A1292361C5121600029A80B /* RefactoredTableViewController.swift */; };
		1A1292391C5121770029A80B /* PhotosArrayDataSource.swift in Sources */ = {isa = PBXBuildFile; fileRef = 1A1292381C5121770029A80B /* PhotosArrayDataSource.swift */; };
		1A12923B1C5121860029A80B /* Photo.swift in Sources */ = {isa = PBXBuildFile; fileRef = 1A12923A1C5121860029A80B /* Photo.swift */; };
/* End PBXBuildFile section */

/* Begin PBXFileReference section */
		1A12921D1C5120DE0029A80B /* separateDataSource.app */ = {isa = PBXFileReference; explicitFileType = wrapper.application; includeInIndex = 0; path = separateDataSource.app; sourceTree = BUILT_PRODUCTS_DIR; };
		1A1292201C5120DE0029A80B /* AppDelegate.swift */ = {isa = PBXFileReference; lastKnownFileType = sourcecode.swift; path = AppDelegate.swift; sourceTree = "<group>"; };
		1A1292221C5120DE0029A80B /* ViewController.swift */ = {isa = PBXFileReference; lastKnownFileType = sourcecode.swift; path = ViewController.swift; sourceTree = "<group>"; };
		1A1292251C5120DE0029A80B /* Base */ = {isa = PBXFileReference; lastKnownFileType = file.storyboard; name = Base; path = Base.lproj/Main.storyboard; sourceTree = "<group>"; };
		1A1292271C5120DE0029A80B /* Assets.xcassets */ = {isa = PBXFileReference; lastKnownFileType = folder.assetcatalog; path = Assets.xcassets; sourceTree = "<group>"; };
		1A12922A1C5120DE0029A80B /* Base */ = {isa = PBXFileReference; lastKnownFileType = file.storyboard; name = Base; path = Base.lproj/LaunchScreen.storyboard; sourceTree = "<group>"; };
		1A12922C1C5120DE0029A80B /* Info.plist */ = {isa = PBXFileReference; lastKnownFileType = text.plist.xml; path = Info.plist; sourceTree = "<group>"; };
		1A1292321C51212E0029A80B /* TableViewController.swift */ = {isa = PBXFileReference; fileEncoding = 4; lastKnownFileType = sourcecode.swift; path = TableViewController.swift; sourceTree = "<group>"; };
		1A1292341C51214B0029A80B /* PhotosTableViewCell.swift */ = {isa = PBXFileReference; fileEncoding = 4; lastKnownFileType = sourcecode.swift; path = PhotosTableViewCell.swift; sourceTree = "<group>"; };
		1A1292361C5121600029A80B /* RefactoredTableViewController.swift */ = {isa = PBXFileReference; fileEncoding = 4; lastKnownFileType = sourcecode.swift; path = RefactoredTableViewController.swift; sourceTree = "<group>"; };
		1A1292381C5121770029A80B /* PhotosArrayDataSource.swift */ = {isa = PBXFileReference; fileEncoding = 4; lastKnownFileType = sourcecode.swift; path = PhotosArrayDataSource.swift; sourceTree = "<group>"; };
		1A12923A1C5121860029A80B /* Photo.swift */ = {isa = PBXFileReference; fileEncoding = 4; lastKnownFileType = sourcecode.swift; path = Photo.swift; sourceTree = "<group>"; };
/* End PBXFileReference section */

/* Begin PBXFrameworksBuildPhase section */
		1A12921A1C5120DE0029A80B /* Frameworks */ = {
			isa = PBXFrameworksBuildPhase;
			buildActionMask = 2147483647;
			files = (
			);
			runOnlyForDeploymentPostprocessing = 0;
		};
/* End PBXFrameworksBuildPhase section */

/* Begin PBXGroup section */
		1A1292141C5120DE0029A80B = {
			isa = PBXGroup;
			children = (
				1A12921F1C5120DE0029A80B /* separateDataSource */,
				1A12921E1C5120DE0029A80B /* Products */,
			);
			sourceTree = "<group>";
		};
		1A12921E1C5120DE0029A80B /* Products */ = {
			isa = PBXGroup;
			children = (
				1A12921D1C5120DE0029A80B /* separateDataSource.app */,
			);
			name = Products;
			sourceTree = "<group>";
		};
		1A12921F1C5120DE0029A80B /* separateDataSource */ = {
			isa = PBXGroup;
			children = (
				1A1292201C5120DE0029A80B /* AppDelegate.swift */,
				1A1292221C5120DE0029A80B /* ViewController.swift */,
				1A1292241C5120DE0029A80B /* Main.storyboard */,
				1A1292271C5120DE0029A80B /* Assets.xcassets */,
				1A1292291C5120DE0029A80B /* LaunchScreen.storyboard */,
				1A12922C1C5120DE0029A80B /* Info.plist */,
				1A1292321C51212E0029A80B /* TableViewController.swift */,
				1A1292341C51214B0029A80B /* PhotosTableViewCell.swift */,
				1A1292361C5121600029A80B /* RefactoredTableViewController.swift */,
				1A1292381C5121770029A80B /* PhotosArrayDataSource.swift */,
				1A12923A1C5121860029A80B /* Photo.swift */,
			);
			path = separateDataSource;
			sourceTree = "<group>";
		};
/* End PBXGroup section */

/* Begin PBXNativeTarget section */
		1A12921C1C5120DE0029A80B /* separateDataSource */ = {
			isa = PBXNativeTarget;
			buildConfigurationList = 1A12922F1C5120DE0029A80B /* Build configuration list for PBXNativeTarget "separateDataSource" */;
			buildPhases = (
				1A1292191C5120DE0029A80B /* Sources */,
				1A12921A1C5120DE0029A80B /* Frameworks */,
				1A12921B1C5120DE0029A80B /* Resources */,
			);
			buildRules = (
			);
			dependencies = (
			);
			name = separateDataSource;
			productName = separateDataSource;
			productReference = 1A12921D1C5120DE0029A80B /* separateDataSource.app */;
			productType = "com.apple.product-type.application";
		};
/* End PBXNativeTarget section */

/* Begin PBXProject section */
		1A1292151C5120DE0029A80B /* Project object */ = {
			isa = PBXProject;
			attributes = {
				LastSwiftUpdateCheck = 0720;
				LastUpgradeCheck = 0720;
				ORGANIZATIONNAME = "ken yiu";
				TargetAttributes = {
					1A12921C1C5120DE0029A80B = {
						CreatedOnToolsVersion = 7.2;
					};
				};
			};
			buildConfigurationList = 1A1292181C5120DE0029A80B /* Build configuration list for PBXProject "separateDataSource" */;
			compatibilityVersion = "Xcode 3.2";
			developmentRegion = English;
			hasScannedForEncodings = 0;
			knownRegions = (
				en,
				Base,
			);
			mainGroup = 1A1292141C5120DE0029A80B;
			productRefGroup = 1A12921E1C5120DE0029A80B /* Products */;
			projectDirPath = "";
			projectRoot = "";
			targets = (
				1A12921C1C5120DE0029A80B /* separateDataSource */,
			);
		};
/* End PBXProject section */

/* Begin PBXResourcesBuildPhase section */
		1A12921B1C5120DE0029A80B /* Resources */ = {
			isa = PBXResourcesBuildPhase;
			buildActionMask = 2147483647;
			files = (
				1A12922B1C5120DE0029A80B /* LaunchScreen.storyboard in Resources */,
				1A1292281C5120DE0029A80B /* Assets.xcassets in Resources */,
				1A1292261C5120DE0029A80B /* Main.storyboard in Resources */,
			);
			runOnlyForDeploymentPostprocessing = 0;
		};
/* End PBXResourcesBuildPhase section */

/* Begin PBXSourcesBuildPhase section */
		1A1292191C5120DE0029A80B /* Sources */ = {
			isa = PBXSourcesBuildPhase;
			buildActionMask = 2147483647;
			files = (
				1A12923B1C5121860029A80B /* Photo.swift in Sources */,
				1A1292351C51214B0029A80B /* PhotosTableViewCell.swift in Sources */,
				1A1292231C5120DE0029A80B /* ViewController.swift in Sources */,
				1A1292331C51212E0029A80B /* TableViewController.swift in Sources */,
				1A1292371C5121600029A80B /* RefactoredTableViewController.swift in Sources */,
				1A1292211C5120DE0029A80B /* AppDelegate.swift in Sources */,
				1A1292391C5121770029A80B /* PhotosArrayDataSource.swift in Sources */,
			);
			runOnlyForDeploymentPostprocessing = 0;
		};
/* End PBXSourcesBuildPhase section */

/* Begin PBXVariantGroup section */
		1A1292241C5120DE0029A80B /* Main.storyboard */ = {
			isa = PBXVariantGroup;
			children = (
				1A1292251C5120DE0029A80B /* Base */,
			);
			name = Main.storyboard;
			sourceTree = "<group>";
		};
		1A1292291C5120DE0029A80B /* LaunchScreen.storyboard */ = {
			isa = PBXVariantGroup;
			children = (
				1A12922A1C5120DE0029A80B /* Base */,
			);
			name = LaunchScreen.storyboard;
			sourceTree = "<group>";
		};
/* End PBXVariantGroup section */

/* Begin XCBuildConfiguration section */
		1A12922D1C5120DE0029A80B /* Debug */ = {
			isa = XCBuildConfiguration;
			buildSettings = {
				ALWAYS_SEARCH_USER_PATHS = NO;
				CLANG_CXX_LANGUAGE_STANDARD = "gnu++0x";
				CLANG_CXX_LIBRARY = "libc++";
				CLANG_ENABLE_MODULES = YES;
				CLANG_ENABLE_OBJC_ARC = YES;
				CLANG_WARN_BOOL_CONVERSION = YES;
				CLANG_WARN_CONSTANT_CONVERSION = YES;
				CLANG_WARN_DIRECT_OBJC_ISA_USAGE = YES_ERROR;
				CLANG_WARN_EMPTY_BODY = YES;
				CLANG_WARN_ENUM_CONVERSION = YES;
				CLANG_WARN_INT_CONVERSION = YES;
				CLANG_WARN_OBJC_ROOT_CLASS = YES_ERROR;
				CLANG_WARN_UNREACHABLE_CODE = YES;
				CLANG_WARN__DUPLICATE_METHOD_MATCH = YES;
				"CODE_SIGN_IDENTITY[sdk=iphoneos*]" = "iPhone Developer";
				COPY_PHASE_STRIP = NO;
				DEBUG_INFORMATION_FORMAT = dwarf;
				ENABLE_STRICT_OBJC_MSGSEND = YES;
				ENABLE_TESTABILITY = YES;
				GCC_C_LANGUAGE_STANDARD = gnu99;
				GCC_DYNAMIC_NO_PIC = NO;
				GCC_NO_COMMON_BLOCKS = YES;
				GCC_OPTIMIZATION_LEVEL = 0;
				GCC_PREPROCESSOR_DEFINITIONS = (
					"DEBUG=1",
					"$(inherited)",
				);
				GCC_WARN_64_TO_32_BIT_CONVERSION = YES;
				GCC_WARN_ABOUT_RETURN_TYPE = YES_ERROR;
				GCC_WARN_UNDECLARED_SELECTOR = YES;
				GCC_WARN_UNINITIALIZED_AUTOS = YES_AGGRESSIVE;
				GCC_WARN_UNUSED_FUNCTION = YES;
				GCC_WARN_UNUSED_VARIABLE = YES;
				IPHONEOS_DEPLOYMENT_TARGET = 9.2;
				MTL_ENABLE_DEBUG_INFO = YES;
				ONLY_ACTIVE_ARCH = YES;
				SDKROOT = iphoneos;
				SWIFT_OPTIMIZATION_LEVEL = "-Onone";
			};
			name = Debug;
		};
		1A12922E1C5120DE0029A80B /* Release */ = {
			isa = XCBuildConfiguration;
			buildSettings = {
				ALWAYS_SEARCH_USER_PATHS = NO;
				CLANG_CXX_LANGUAGE_STANDARD = "gnu++0x";
				CLANG_CXX_LIBRARY = "libc++";
				CLANG_ENABLE_MODULES = YES;
				CLANG_ENABLE_OBJC_ARC = YES;
				CLANG_WARN_BOOL_CONVERSION = YES;
				CLANG_WARN_CONSTANT_CONVERSION = YES;
				CLANG_WARN_DIRECT_OBJC_ISA_USAGE = YES_ERROR;
				CLANG_WARN_EMPTY_BODY = YES;
				CLANG_WARN_ENUM_CONVERSION = YES;
				CLANG_WARN_INT_CONVERSION = YES;
				CLANG_WARN_OBJC_ROOT_CLASS = YES_ERROR;
				CLANG_WARN_UNREACHABLE_CODE = YES;
				CLANG_WARN__DUPLICATE_METHOD_MATCH = YES;
				"CODE_SIGN_IDENTITY[sdk=iphoneos*]" = "iPhone Developer";
				COPY_PHASE_STRIP = NO;
				DEBUG_INFORMATION_FORMAT = "dwarf-with-dsym";
				ENABLE_NS_ASSERTIONS = NO;
				ENABLE_STRICT_OBJC_MSGSEND = YES;
				GCC_C_LANGUAGE_STANDARD = gnu99;
				GCC_NO_COMMON_BLOCKS = YES;
				GCC_WARN_64_TO_32_BIT_CONVERSION = YES;
				GCC_WARN_ABOUT_RETURN_TYPE = YES_ERROR;
				GCC_WARN_UNDECLARED_SELECTOR = YES;
				GCC_WARN_UNINITIALIZED_AUTOS = YES_AGGRESSIVE;
				GCC_WARN_UNUSED_FUNCTION = YES;
				GCC_WARN_UNUSED_VARIABLE = YES;
				IPHONEOS_DEPLOYMENT_TARGET = 9.2;
				MTL_ENABLE_DEBUG_INFO = NO;
				SDKROOT = iphoneos;
				VALIDATE_PRODUCT = YES;
			};
			name = Release;
		};
		1A1292301C5120DE0029A80B /* Debug */ = {
			isa = XCBuildConfiguration;
			buildSettings = {
				ASSETCATALOG_COMPILER_APPICON_NAME = AppIcon;
				INFOPLIST_FILE = separateDataSource/Info.plist;
				LD_RUNPATH_SEARCH_PATHS = "$(inherited) @executable_path/Frameworks";
				PRODUCT_BUNDLE_IDENTIFIER = com.kenyiu.separateDataSource;
				PRODUCT_NAME = "$(TARGET_NAME)";
			};
			name = Debug;
		};
		1A1292311C5120DE0029A80B /* Release */ = {
			isa = XCBuildConfiguration;
			buildSettings = {
				ASSETCATALOG_COMPILER_APPICON_NAME = AppIcon;
				INFOPLIST_FILE = separateDataSource/Info.plist;
				LD_RUNPATH_SEARCH_PATHS = "$(inherited) @executable_path/Frameworks";
				PRODUCT_BUNDLE_IDENTIFIER = com.kenyiu.separateDataSource;
				PRODUCT_NAME = "$(TARGET_NAME)";
			};
			name = Release;
		};
/* End XCBuildConfiguration section */

/* Begin XCConfigurationList section */
		1A1292181C5120DE0029A80B /* Build configuration list for PBXProject "separateDataSource" */ = {
			isa = XCConfigurationList;
			buildConfigurations = (
				1A12922D1C5120DE0029A80B /* Debug */,
				1A12922E1C5120DE0029A80B /* Release */,
			);
			defaultConfigurationIsVisible = 0;
			defaultConfigurationName = Release;
		};
		1A12922F1C5120DE0029A80B /* Build configuration list for PBXNativeTarget "separateDataSource" */ = {
			isa = XCConfigurationList;
			buildConfigurations = (
				1A1292301C5120DE0029A80B /* Debug */,
				1A1292311C5120DE0029A80B /* Release */,
			);
			defaultConfigurationIsVisible = 0;
		};
/* End XCConfigurationList section */
	};
	rootObject = 1A1292151C5120DE0029A80B /* Project object */;
}
